
Microsoft Visual Studio Solution File, Format Version 12.00
# Visual Studio 14
VisualStudioVersion = 14.0.25420.1
MinimumVisualStudioVersion = 10.0.40219.1
Project("{FAE04EC0-301F-11D3-BF4B-00C04F79EFBC}") = "NuGet.Server.NLog", "NuGet.Server.NLog\NuGet.Server.NLog.csproj", "{1386ED13-4AF7-485B-84F2-24BDAB47230F}"
EndProject
Global
	GlobalSection(SolutionConfigurationPlatforms) = preSolution
		Debug|Any CPU = Debug|Any CPU
		Release|Any CPU = Release|Any CPU
	EndGlobalSection
	GlobalSection(ProjectConfigurationPlatforms) = postSolution
		{1386ED13-4AF7-485B-84F2-24BDAB47230F}.Debug|Any CPU.ActiveCfg = Debug|Any CPU
		{1386ED13-4AF7-485B-84F2-24BDAB47230F}.Debug|Any CPU.Build.0 = Debug|Any CPU
		{1386ED13-4AF7-485B-84F2-24BDAB47230F}.Release|Any CPU.ActiveCfg = Release|Any CPU
		{1386ED13-4AF7-485B-84F2-24BDAB47230F}.Release|Any CPU.Build.0 = Release|Any CPU
	EndGlobalSection
	GlobalSection(SolutionProperties) = preSolution
		HideSolutionNode = FALSE
	EndGlobalSection
EndGlobal
